
Microsoft Visual Studio Solution File, Format Version 12.00
# Visual Studio Version 17
VisualStudioVersion = 17.5.33516.290
MinimumVisualStudioVersion = 10.0.40219.1
Project("{9A19103F-16F7-4668-BE54-9A1E7A4F7556}") = "MangaList with Razor", "MangaList with Razor\MangaList with Razor.csproj", "{974DC6AB-3E6D-4DA9-B799-4F21350366EF}"
EndProject
Global
	GlobalSection(SolutionConfigurationPlatforms) = preSolution
		Debug|Any CPU = Debug|Any CPU
		Release|Any CPU = Release|Any CPU
	EndGlobalSection
	GlobalSection(ProjectConfigurationPlatforms) = postSolution
		{974DC6AB-3E6D-4DA9-B799-4F21350366EF}.Debug|Any CPU.ActiveCfg = Debug|Any CPU
		{974DC6AB-3E6D-4DA9-B799-4F21350366EF}.Debug|Any CPU.Build.0 = Debug|Any CPU
		{974DC6AB-3E6D-4DA9-B799-4F21350366EF}.Release|Any CPU.ActiveCfg = Release|Any CPU
		{974DC6AB-3E6D-4DA9-B799-4F21350366EF}.Release|Any CPU.Build.0 = Release|Any CPU
	EndGlobalSection
	GlobalSection(SolutionProperties) = preSolution
		HideSolutionNode = FALSE
	EndGlobalSection
	GlobalSection(ExtensibilityGlobals) = postSolution
		SolutionGuid = {C8810FE3-CA19-4F14-83D3-02C4196F6C7F}
	EndGlobalSection
EndGlobal
